
Microsoft Visual Studio Solution File, Format Version 12.00
# Visual Studio Version 16
VisualStudioVersion = 16.0.30907.101
MinimumVisualStudioVersion = 10.0.40219.1
Project("{FAE04EC0-301F-11D3-BF4B-00C04F79EFBC}") = "Microdesk", "Microdesk\Microdesk.csproj", "{EBAFBD61-A3EC-4F7A-80CC-24CD77C796A8}"
EndProject
Project("{FAE04EC0-301F-11D3-BF4B-00C04F79EFBC}") = "Microdesk.DataAccess", "Microdesk.DataAccess\Microdesk.DataAccess.csproj", "{90530579-E50F-4A8D-94E6-446D45B315D4}"
EndProject
Project("{FAE04EC0-301F-11D3-BF4B-00C04F79EFBC}") = "Microdesk.BusinessLogic", "Microdesk.BusinessLogic\Microdesk.BusinessLogic.csproj", "{46CF626F-CB22-47B2-A1EF-B5EE618A7DD5}"
EndProject
Project("{FAE04EC0-301F-11D3-BF4B-00C04F79EFBC}") = "Microdesk.UnitTesting", "Microdesk.UnitTesting\Microdesk.UnitTesting.csproj", "{F0ECA1C6-C729-408F-AF0B-58DFD4BFEFB3}"
EndProject
Global
	GlobalSection(SolutionConfigurationPlatforms) = preSolution
		Debug|Any CPU = Debug|Any CPU
		Release|Any CPU = Release|Any CPU
	EndGlobalSection
	GlobalSection(ProjectConfigurationPlatforms) = postSolution
		{EBAFBD61-A3EC-4F7A-80CC-24CD77C796A8}.Debug|Any CPU.ActiveCfg = Debug|Any CPU
		{EBAFBD61-A3EC-4F7A-80CC-24CD77C796A8}.Debug|Any CPU.Build.0 = Debug|Any CPU
		{EBAFBD61-A3EC-4F7A-80CC-24CD77C796A8}.Release|Any CPU.ActiveCfg = Release|Any CPU
		{EBAFBD61-A3EC-4F7A-80CC-24CD77C796A8}.Release|Any CPU.Build.0 = Release|Any CPU
		{90530579-E50F-4A8D-94E6-446D45B315D4}.Debug|Any CPU.ActiveCfg = Debug|Any CPU
		{90530579-E50F-4A8D-94E6-446D45B315D4}.Debug|Any CPU.Build.0 = Debug|Any CPU
		{90530579-E50F-4A8D-94E6-446D45B315D4}.Release|Any CPU.ActiveCfg = Release|Any CPU
		{90530579-E50F-4A8D-94E6-446D45B315D4}.Release|Any CPU.Build.0 = Release|Any CPU
		{46CF626F-CB22-47B2-A1EF-B5EE618A7DD5}.Debug|Any CPU.ActiveCfg = Debug|Any CPU
		{46CF626F-CB22-47B2-A1EF-B5EE618A7DD5}.Debug|Any CPU.Build.0 = Debug|Any CPU
		{46CF626F-CB22-47B2-A1EF-B5EE618A7DD5}.Release|Any CPU.ActiveCfg = Release|Any CPU
		{46CF626F-CB22-47B2-A1EF-B5EE618A7DD5}.Release|Any CPU.Build.0 = Release|Any CPU
		{F0ECA1C6-C729-408F-AF0B-58DFD4BFEFB3}.Debug|Any CPU.ActiveCfg = Debug|Any CPU
		{F0ECA1C6-C729-408F-AF0B-58DFD4BFEFB3}.Debug|Any CPU.Build.0 = Debug|Any CPU
		{F0ECA1C6-C729-408F-AF0B-58DFD4BFEFB3}.Release|Any CPU.ActiveCfg = Release|Any CPU
		{F0ECA1C6-C729-408F-AF0B-58DFD4BFEFB3}.Release|Any CPU.Build.0 = Release|Any CPU
	EndGlobalSection
	GlobalSection(SolutionProperties) = preSolution
		HideSolutionNode = FALSE
	EndGlobalSection
	GlobalSection(ExtensibilityGlobals) = postSolution
		SolutionGuid = {6C763ECC-FFF3-4DE2-A65E-A237598DECBC}
	EndGlobalSection
EndGlobal
